
Microsoft Visual Studio Solution File, Format Version 12.00
# Visual Studio 15
VisualStudioVersion = 15.0.28307.271
MinimumVisualStudioVersion = 10.0.40219.1
Project("{2150E333-8FDC-42A3-9474-1A3956D46DE8}") = "src", "src", "{DA9E4097-81C0-4CE4-A2C5-84DBBEA259A9}"
EndProject
Project("{2150E333-8FDC-42A3-9474-1A3956D46DE8}") = "Domain", "Domain", "{F1FEED6C-D096-471F-8EE0-33BC9DC3BCF6}"
EndProject
Project("{2150E333-8FDC-42A3-9474-1A3956D46DE8}") = "Presentation", "Presentation", "{A05A46FD-5B51-4144-9A28-A8D89FC39906}"
EndProject
Project("{2150E333-8FDC-42A3-9474-1A3956D46DE8}") = "Business", "Business", "{2FED25C8-A46D-4338-988A-81515154873D}"
EndProject
Project("{9A19103F-16F7-4668-BE54-9A1E7A4F7556}") = "CI.Web", "CI.Web\CI.Web.csproj", "{8F400635-6E8C-42CC-B5FF-1642DB5E84D9}"
EndProject
Project("{9A19103F-16F7-4668-BE54-9A1E7A4F7556}") = "CI.Data", "CI.Data\CI.Data.csproj", "{184E79B1-6297-4B22-8A26-F938EBF209DF}"
EndProject
Project("{9A19103F-16F7-4668-BE54-9A1E7A4F7556}") = "CI.Models", "CI.Models\CI.Models.csproj", "{E8DFF8EE-9735-491D-A277-40D5BEC048F4}"
EndProject
Project("{9A19103F-16F7-4668-BE54-9A1E7A4F7556}") = "CI.Services", "CI.Services\CI.Services.csproj", "{74A76291-9E04-457C-8A1D-69C7C5DA649E}"
EndProject
Project("{FAE04EC0-301F-11D3-BF4B-00C04F79EFBC}") = "CI.EmailSenderService", "CI.EmailSenderService\CI.EmailSenderService.csproj", "{68FCA7D6-B6A2-4EB1-8A32-A28A1D10B686}"
EndProject
Global
	GlobalSection(SolutionConfigurationPlatforms) = preSolution
		Debug|Any CPU = Debug|Any CPU
		Release|Any CPU = Release|Any CPU
	EndGlobalSection
	GlobalSection(ProjectConfigurationPlatforms) = postSolution
		{8F400635-6E8C-42CC-B5FF-1642DB5E84D9}.Debug|Any CPU.ActiveCfg = Debug|Any CPU
		{8F400635-6E8C-42CC-B5FF-1642DB5E84D9}.Debug|Any CPU.Build.0 = Debug|Any CPU
		{8F400635-6E8C-42CC-B5FF-1642DB5E84D9}.Release|Any CPU.ActiveCfg = Release|Any CPU
		{8F400635-6E8C-42CC-B5FF-1642DB5E84D9}.Release|Any CPU.Build.0 = Release|Any CPU
		{184E79B1-6297-4B22-8A26-F938EBF209DF}.Debug|Any CPU.ActiveCfg = Debug|Any CPU
		{184E79B1-6297-4B22-8A26-F938EBF209DF}.Debug|Any CPU.Build.0 = Debug|Any CPU
		{184E79B1-6297-4B22-8A26-F938EBF209DF}.Release|Any CPU.ActiveCfg = Release|Any CPU
		{184E79B1-6297-4B22-8A26-F938EBF209DF}.Release|Any CPU.Build.0 = Release|Any CPU
		{E8DFF8EE-9735-491D-A277-40D5BEC048F4}.Debug|Any CPU.ActiveCfg = Debug|Any CPU
		{E8DFF8EE-9735-491D-A277-40D5BEC048F4}.Debug|Any CPU.Build.0 = Debug|Any CPU
		{E8DFF8EE-9735-491D-A277-40D5BEC048F4}.Release|Any CPU.ActiveCfg = Release|Any CPU
		{E8DFF8EE-9735-491D-A277-40D5BEC048F4}.Release|Any CPU.Build.0 = Release|Any CPU
		{74A76291-9E04-457C-8A1D-69C7C5DA649E}.Debug|Any CPU.ActiveCfg = Debug|Any CPU
		{74A76291-9E04-457C-8A1D-69C7C5DA649E}.Debug|Any CPU.Build.0 = Debug|Any CPU
		{74A76291-9E04-457C-8A1D-69C7C5DA649E}.Release|Any CPU.ActiveCfg = Release|Any CPU
		{74A76291-9E04-457C-8A1D-69C7C5DA649E}.Release|Any CPU.Build.0 = Release|Any CPU
		{68FCA7D6-B6A2-4EB1-8A32-A28A1D10B686}.Debug|Any CPU.ActiveCfg = Debug|Any CPU
		{68FCA7D6-B6A2-4EB1-8A32-A28A1D10B686}.Debug|Any CPU.Build.0 = Debug|Any CPU
		{68FCA7D6-B6A2-4EB1-8A32-A28A1D10B686}.Release|Any CPU.ActiveCfg = Release|Any CPU
		{68FCA7D6-B6A2-4EB1-8A32-A28A1D10B686}.Release|Any CPU.Build.0 = Release|Any CPU
	EndGlobalSection
	GlobalSection(SolutionProperties) = preSolution
		HideSolutionNode = FALSE
	EndGlobalSection
	GlobalSection(NestedProjects) = preSolution
		{F1FEED6C-D096-471F-8EE0-33BC9DC3BCF6} = {DA9E4097-81C0-4CE4-A2C5-84DBBEA259A9}
		{A05A46FD-5B51-4144-9A28-A8D89FC39906} = {DA9E4097-81C0-4CE4-A2C5-84DBBEA259A9}
		{2FED25C8-A46D-4338-988A-81515154873D} = {DA9E4097-81C0-4CE4-A2C5-84DBBEA259A9}
		{8F400635-6E8C-42CC-B5FF-1642DB5E84D9} = {A05A46FD-5B51-4144-9A28-A8D89FC39906}
		{184E79B1-6297-4B22-8A26-F938EBF209DF} = {F1FEED6C-D096-471F-8EE0-33BC9DC3BCF6}
		{E8DFF8EE-9735-491D-A277-40D5BEC048F4} = {F1FEED6C-D096-471F-8EE0-33BC9DC3BCF6}
		{74A76291-9E04-457C-8A1D-69C7C5DA649E} = {2FED25C8-A46D-4338-988A-81515154873D}
		{68FCA7D6-B6A2-4EB1-8A32-A28A1D10B686} = {2FED25C8-A46D-4338-988A-81515154873D}
	EndGlobalSection
	GlobalSection(ExtensibilityGlobals) = postSolution
		SolutionGuid = {A067BA76-F221-4228-9B56-2BF815B51CDC}
	EndGlobalSection
EndGlobal
